
Microsoft Visual Studio Solution File, Format Version 12.00
# Visual Studio 15
Project("{FAE04EC0-301F-11D3-BF4B-00C04F79EFBC}") = "Assembly-CSharp", "Assembly-CSharp.csproj", "{CAFE9345-7576-1CED-AE0A-3A67CFE4B27D}"
EndProject
Project("{FAE04EC0-301F-11D3-BF4B-00C04F79EFBC}") = "Assembly-CSharp-firstpass", "Assembly-CSharp-firstpass.csproj", "{60418593-D65E-D6C3-936C-EF72BEF7C6F2}"
EndProject
Project("{FAE04EC0-301F-11D3-BF4B-00C04F79EFBC}") = "Assembly-CSharp-Editor", "Assembly-CSharp-Editor.csproj", "{FD2FB806-E683-C20D-04C1-FF225197898D}"
EndProject
Global
	GlobalSection(SolutionConfigurationPlatforms) = preSolution
		Debug|Any CPU = Debug|Any CPU
		Release|Any CPU = Release|Any CPU
	EndGlobalSection
	GlobalSection(ProjectConfigurationPlatforms) = postSolution
		{CAFE9345-7576-1CED-AE0A-3A67CFE4B27D}.Debug|Any CPU.ActiveCfg = Debug|Any CPU
		{CAFE9345-7576-1CED-AE0A-3A67CFE4B27D}.Debug|Any CPU.Build.0 = Debug|Any CPU
		{CAFE9345-7576-1CED-AE0A-3A67CFE4B27D}.Release|Any CPU.ActiveCfg = Release|Any CPU
		{CAFE9345-7576-1CED-AE0A-3A67CFE4B27D}.Release|Any CPU.Build.0 = Release|Any CPU
		{60418593-D65E-D6C3-936C-EF72BEF7C6F2}.Debug|Any CPU.ActiveCfg = Debug|Any CPU
		{60418593-D65E-D6C3-936C-EF72BEF7C6F2}.Debug|Any CPU.Build.0 = Debug|Any CPU
		{60418593-D65E-D6C3-936C-EF72BEF7C6F2}.Release|Any CPU.ActiveCfg = Release|Any CPU
		{60418593-D65E-D6C3-936C-EF72BEF7C6F2}.Release|Any CPU.Build.0 = Release|Any CPU
		{FD2FB806-E683-C20D-04C1-FF225197898D}.Debug|Any CPU.ActiveCfg = Debug|Any CPU
		{FD2FB806-E683-C20D-04C1-FF225197898D}.Debug|Any CPU.Build.0 = Debug|Any CPU
		{FD2FB806-E683-C20D-04C1-FF225197898D}.Release|Any CPU.ActiveCfg = Release|Any CPU
		{FD2FB806-E683-C20D-04C1-FF225197898D}.Release|Any CPU.Build.0 = Release|Any CPU
	EndGlobalSection
	GlobalSection(SolutionProperties) = preSolution
		HideSolutionNode = FALSE
	EndGlobalSection
EndGlobal
